
Microsoft Visual Studio Solution File, Format Version 12.00
# Visual Studio Version 17
VisualStudioVersion = 17.8.34525.116
MinimumVisualStudioVersion = 10.0.40219.1
Project("{2150E333-8FDC-42A3-9474-1A3956D46DE8}") = "Adapters", "Adapters", "{C88965D6-136A-4E13-BC55-3E4B61EFA2F6}"
EndProject
Project("{2150E333-8FDC-42A3-9474-1A3956D46DE8}") = "Primary", "Primary", "{9B16F726-81BA-4681-8ECE-E9F1E9013879}"
EndProject
Project("{2150E333-8FDC-42A3-9474-1A3956D46DE8}") = "Secondary", "Secondary", "{E3B48B97-FB82-4F06-A17B-406FABB017A0}"
EndProject
Project("{2150E333-8FDC-42A3-9474-1A3956D46DE8}") = "Core", "Core", "{C981785A-EEF2-4FF0-8515-B1128C7380D9}"
EndProject
Project("{9A19103F-16F7-4668-BE54-9A1E7A4F7556}") = "API", "API\API.csproj", "{9FC0C8A0-9D84-4F26-A648-565142E7A163}"
EndProject
Project("{9A19103F-16F7-4668-BE54-9A1E7A4F7556}") = "Infra.Data", "Infra.Data\Infra.Data.csproj", "{DB056E13-3D52-4450-910F-69EDC19DC729}"
EndProject
Project("{9A19103F-16F7-4668-BE54-9A1E7A4F7556}") = "Domain", "Domain\Domain.csproj", "{91062E01-B502-4785-B901-5A3A58FD7D02}"
EndProject
Project("{9A19103F-16F7-4668-BE54-9A1E7A4F7556}") = "Application", "Application\Application.csproj", "{9CD23F2B-6D0B-4FCA-B1AE-64EFE0A54093}"
EndProject
Project("{FAE04EC0-301F-11D3-BF4B-00C04F79EFBC}") = "Shared", "Shared\Shared.csproj", "{4AC4699F-898E-4DE6-878E-171F9582BF76}"
EndProject
Global
	GlobalSection(SolutionConfigurationPlatforms) = preSolution
		Debug|Any CPU = Debug|Any CPU
		Release|Any CPU = Release|Any CPU
	EndGlobalSection
	GlobalSection(ProjectConfigurationPlatforms) = postSolution
		{9FC0C8A0-9D84-4F26-A648-565142E7A163}.Debug|Any CPU.ActiveCfg = Debug|Any CPU
		{9FC0C8A0-9D84-4F26-A648-565142E7A163}.Debug|Any CPU.Build.0 = Debug|Any CPU
		{9FC0C8A0-9D84-4F26-A648-565142E7A163}.Release|Any CPU.ActiveCfg = Release|Any CPU
		{9FC0C8A0-9D84-4F26-A648-565142E7A163}.Release|Any CPU.Build.0 = Release|Any CPU
		{DB056E13-3D52-4450-910F-69EDC19DC729}.Debug|Any CPU.ActiveCfg = Debug|Any CPU
		{DB056E13-3D52-4450-910F-69EDC19DC729}.Debug|Any CPU.Build.0 = Debug|Any CPU
		{DB056E13-3D52-4450-910F-69EDC19DC729}.Release|Any CPU.ActiveCfg = Release|Any CPU
		{DB056E13-3D52-4450-910F-69EDC19DC729}.Release|Any CPU.Build.0 = Release|Any CPU
		{91062E01-B502-4785-B901-5A3A58FD7D02}.Debug|Any CPU.ActiveCfg = Debug|Any CPU
		{91062E01-B502-4785-B901-5A3A58FD7D02}.Debug|Any CPU.Build.0 = Debug|Any CPU
		{91062E01-B502-4785-B901-5A3A58FD7D02}.Release|Any CPU.ActiveCfg = Release|Any CPU
		{91062E01-B502-4785-B901-5A3A58FD7D02}.Release|Any CPU.Build.0 = Release|Any CPU
		{9CD23F2B-6D0B-4FCA-B1AE-64EFE0A54093}.Debug|Any CPU.ActiveCfg = Debug|Any CPU
		{9CD23F2B-6D0B-4FCA-B1AE-64EFE0A54093}.Debug|Any CPU.Build.0 = Debug|Any CPU
		{9CD23F2B-6D0B-4FCA-B1AE-64EFE0A54093}.Release|Any CPU.ActiveCfg = Release|Any CPU
		{9CD23F2B-6D0B-4FCA-B1AE-64EFE0A54093}.Release|Any CPU.Build.0 = Release|Any CPU
		{4AC4699F-898E-4DE6-878E-171F9582BF76}.Debug|Any CPU.ActiveCfg = Debug|Any CPU
		{4AC4699F-898E-4DE6-878E-171F9582BF76}.Debug|Any CPU.Build.0 = Debug|Any CPU
		{4AC4699F-898E-4DE6-878E-171F9582BF76}.Release|Any CPU.ActiveCfg = Release|Any CPU
		{4AC4699F-898E-4DE6-878E-171F9582BF76}.Release|Any CPU.Build.0 = Release|Any CPU
	EndGlobalSection
	GlobalSection(SolutionProperties) = preSolution
		HideSolutionNode = FALSE
	EndGlobalSection
	GlobalSection(NestedProjects) = preSolution
		{9B16F726-81BA-4681-8ECE-E9F1E9013879} = {C88965D6-136A-4E13-BC55-3E4B61EFA2F6}
		{E3B48B97-FB82-4F06-A17B-406FABB017A0} = {C88965D6-136A-4E13-BC55-3E4B61EFA2F6}
		{9FC0C8A0-9D84-4F26-A648-565142E7A163} = {9B16F726-81BA-4681-8ECE-E9F1E9013879}
		{DB056E13-3D52-4450-910F-69EDC19DC729} = {E3B48B97-FB82-4F06-A17B-406FABB017A0}
		{91062E01-B502-4785-B901-5A3A58FD7D02} = {C981785A-EEF2-4FF0-8515-B1128C7380D9}
		{9CD23F2B-6D0B-4FCA-B1AE-64EFE0A54093} = {C981785A-EEF2-4FF0-8515-B1128C7380D9}
		{4AC4699F-898E-4DE6-878E-171F9582BF76} = {C981785A-EEF2-4FF0-8515-B1128C7380D9}
	EndGlobalSection
	GlobalSection(ExtensibilityGlobals) = postSolution
		SolutionGuid = {20D7C53B-5ECF-4F16-B974-6C9F669043EB}
	EndGlobalSection
EndGlobal
